
Microsoft Visual Studio Solution File, Format Version 12.00
Project("{FAE04EC0-301F-11D3-BF4B-00C04F79EFBC}") = "Core", "Core\Core.csproj", "{423B83FA-A787-4794-9C8A-D64A21715530}"
EndProject
Project("{FAE04EC0-301F-11D3-BF4B-00C04F79EFBC}") = "Tests", "Tests\Tests.csproj", "{485D48EB-DCEC-4EE1-87DF-A9086FDF1F64}"
EndProject
Project("{FAE04EC0-301F-11D3-BF4B-00C04F79EFBC}") = "ConsoleApp", "ConsoleApp\ConsoleApp.csproj", "{0E626344-1EE2-4111-B09B-FF93C270D1B3}"
EndProject
Project("{2150E333-8FDC-42A3-9474-1A3956D46DE8}") = "Numerics", "Numerics", "{8DB57E1E-A265-43B2-B91F-F2EAE8F65AA4}"
EndProject
Project("{FAE04EC0-301F-11D3-BF4B-00C04F79EFBC}") = "Algebra", "Algebra\Algebra.csproj", "{7E88AAA3-1EE6-49AB-9A7C-662D72F984B9}"
EndProject
Project("{FAE04EC0-301F-11D3-BF4B-00C04F79EFBC}") = "Geometry", "Geometry\Geometry.csproj", "{F411E426-BEB9-4973-90F3-2374365AC986}"
EndProject
Project("{FAE04EC0-301F-11D3-BF4B-00C04F79EFBC}") = "Integers", "Integers\Integers.csproj", "{4574786F-1793-4707-81C0-1BEC28A8DCE5}"
EndProject
Project("{FAE04EC0-301F-11D3-BF4B-00C04F79EFBC}") = "Time", "Time\Time.csproj", "{276E7E80-307B-4B00-A36D-98E8FF7FA217}"
EndProject
Project("{FAE04EC0-301F-11D3-BF4B-00C04F79EFBC}") = "Bases", "Bases\Bases.csproj", "{663AE229-9CB7-41D5-8B3C-DDF33B39BC8B}"
EndProject
Project("{FAE04EC0-301F-11D3-BF4B-00C04F79EFBC}") = "BigNumbers", "BigNumbers\BigNumbers.csproj", "{8EE609BA-68A3-4A99-96C5-D484EA23EFCA}"
EndProject
Global
	GlobalSection(SolutionConfigurationPlatforms) = preSolution
		Debug|Any CPU = Debug|Any CPU
		Release|Any CPU = Release|Any CPU
	EndGlobalSection
	GlobalSection(ProjectConfigurationPlatforms) = postSolution
		{423B83FA-A787-4794-9C8A-D64A21715530}.Debug|Any CPU.ActiveCfg = Debug|Any CPU
		{423B83FA-A787-4794-9C8A-D64A21715530}.Debug|Any CPU.Build.0 = Debug|Any CPU
		{423B83FA-A787-4794-9C8A-D64A21715530}.Release|Any CPU.ActiveCfg = Release|Any CPU
		{423B83FA-A787-4794-9C8A-D64A21715530}.Release|Any CPU.Build.0 = Release|Any CPU
		{485D48EB-DCEC-4EE1-87DF-A9086FDF1F64}.Debug|Any CPU.ActiveCfg = Debug|Any CPU
		{485D48EB-DCEC-4EE1-87DF-A9086FDF1F64}.Debug|Any CPU.Build.0 = Debug|Any CPU
		{485D48EB-DCEC-4EE1-87DF-A9086FDF1F64}.Release|Any CPU.ActiveCfg = Release|Any CPU
		{485D48EB-DCEC-4EE1-87DF-A9086FDF1F64}.Release|Any CPU.Build.0 = Release|Any CPU
		{0E626344-1EE2-4111-B09B-FF93C270D1B3}.Debug|Any CPU.ActiveCfg = Debug|Any CPU
		{0E626344-1EE2-4111-B09B-FF93C270D1B3}.Debug|Any CPU.Build.0 = Debug|Any CPU
		{0E626344-1EE2-4111-B09B-FF93C270D1B3}.Release|Any CPU.ActiveCfg = Release|Any CPU
		{0E626344-1EE2-4111-B09B-FF93C270D1B3}.Release|Any CPU.Build.0 = Release|Any CPU
		{7E88AAA3-1EE6-49AB-9A7C-662D72F984B9}.Debug|Any CPU.ActiveCfg = Debug|Any CPU
		{7E88AAA3-1EE6-49AB-9A7C-662D72F984B9}.Debug|Any CPU.Build.0 = Debug|Any CPU
		{7E88AAA3-1EE6-49AB-9A7C-662D72F984B9}.Release|Any CPU.ActiveCfg = Release|Any CPU
		{7E88AAA3-1EE6-49AB-9A7C-662D72F984B9}.Release|Any CPU.Build.0 = Release|Any CPU
		{F411E426-BEB9-4973-90F3-2374365AC986}.Debug|Any CPU.ActiveCfg = Debug|Any CPU
		{F411E426-BEB9-4973-90F3-2374365AC986}.Debug|Any CPU.Build.0 = Debug|Any CPU
		{F411E426-BEB9-4973-90F3-2374365AC986}.Release|Any CPU.ActiveCfg = Release|Any CPU
		{F411E426-BEB9-4973-90F3-2374365AC986}.Release|Any CPU.Build.0 = Release|Any CPU
		{4574786F-1793-4707-81C0-1BEC28A8DCE5}.Debug|Any CPU.ActiveCfg = Debug|Any CPU
		{4574786F-1793-4707-81C0-1BEC28A8DCE5}.Debug|Any CPU.Build.0 = Debug|Any CPU
		{4574786F-1793-4707-81C0-1BEC28A8DCE5}.Release|Any CPU.ActiveCfg = Release|Any CPU
		{4574786F-1793-4707-81C0-1BEC28A8DCE5}.Release|Any CPU.Build.0 = Release|Any CPU
		{276E7E80-307B-4B00-A36D-98E8FF7FA217}.Debug|Any CPU.ActiveCfg = Debug|Any CPU
		{276E7E80-307B-4B00-A36D-98E8FF7FA217}.Debug|Any CPU.Build.0 = Debug|Any CPU
		{276E7E80-307B-4B00-A36D-98E8FF7FA217}.Release|Any CPU.ActiveCfg = Release|Any CPU
		{276E7E80-307B-4B00-A36D-98E8FF7FA217}.Release|Any CPU.Build.0 = Release|Any CPU
		{4A5C4D17-D022-4CBA-9DED-3C9FF696DD8A}.Debug|Any CPU.ActiveCfg = Debug|Any CPU
		{4A5C4D17-D022-4CBA-9DED-3C9FF696DD8A}.Debug|Any CPU.Build.0 = Debug|Any CPU
		{4A5C4D17-D022-4CBA-9DED-3C9FF696DD8A}.Release|Any CPU.ActiveCfg = Release|Any CPU
		{4A5C4D17-D022-4CBA-9DED-3C9FF696DD8A}.Release|Any CPU.Build.0 = Release|Any CPU
		{663AE229-9CB7-41D5-8B3C-DDF33B39BC8B}.Debug|Any CPU.ActiveCfg = Debug|Any CPU
		{663AE229-9CB7-41D5-8B3C-DDF33B39BC8B}.Debug|Any CPU.Build.0 = Debug|Any CPU
		{663AE229-9CB7-41D5-8B3C-DDF33B39BC8B}.Release|Any CPU.ActiveCfg = Release|Any CPU
		{663AE229-9CB7-41D5-8B3C-DDF33B39BC8B}.Release|Any CPU.Build.0 = Release|Any CPU
		{8EE609BA-68A3-4A99-96C5-D484EA23EFCA}.Debug|Any CPU.ActiveCfg = Debug|Any CPU
		{8EE609BA-68A3-4A99-96C5-D484EA23EFCA}.Debug|Any CPU.Build.0 = Debug|Any CPU
		{8EE609BA-68A3-4A99-96C5-D484EA23EFCA}.Release|Any CPU.ActiveCfg = Release|Any CPU
		{8EE609BA-68A3-4A99-96C5-D484EA23EFCA}.Release|Any CPU.Build.0 = Release|Any CPU
	EndGlobalSection
	GlobalSection(NestedProjects) = preSolution
		{7E88AAA3-1EE6-49AB-9A7C-662D72F984B9} = {8DB57E1E-A265-43B2-B91F-F2EAE8F65AA4}
		{F411E426-BEB9-4973-90F3-2374365AC986} = {8DB57E1E-A265-43B2-B91F-F2EAE8F65AA4}
		{4574786F-1793-4707-81C0-1BEC28A8DCE5} = {8DB57E1E-A265-43B2-B91F-F2EAE8F65AA4}
		{663AE229-9CB7-41D5-8B3C-DDF33B39BC8B} = {8DB57E1E-A265-43B2-B91F-F2EAE8F65AA4}
		{8EE609BA-68A3-4A99-96C5-D484EA23EFCA} = {8DB57E1E-A265-43B2-B91F-F2EAE8F65AA4}
	EndGlobalSection
EndGlobal
