
Microsoft Visual Studio Solution File, Format Version 12.00
Project("{FAE04EC0-301F-11D3-BF4B-00C04F79EFBC}") = "Core", "Core\Core.csproj", "{423B83FA-A787-4794-9C8A-D64A21715530}"
EndProject
Project("{FAE04EC0-301F-11D3-BF4B-00C04F79EFBC}") = "Tests", "Tests\Tests.csproj", "{485D48EB-DCEC-4EE1-87DF-A9086FDF1F64}"
EndProject
Project("{FAE04EC0-301F-11D3-BF4B-00C04F79EFBC}") = "ConsoleApp", "ConsoleApp\ConsoleApp.csproj", "{0E626344-1EE2-4111-B09B-FF93C270D1B3}"
EndProject
Project("{2150E333-8FDC-42A3-9474-1A3956D46DE8}") = "Numerics", "Numerics", "{8DB57E1E-A265-43B2-B91F-F2EAE8F65AA4}"
EndProject
Project("{FAE04EC0-301F-11D3-BF4B-00C04F79EFBC}") = "Time", "Time\Time.csproj", "{276E7E80-307B-4B00-A36D-98E8FF7FA217}"
EndProject
Project("{FAE04EC0-301F-11D3-BF4B-00C04F79EFBC}") = "Algebra", "Numerics\Algebra\Algebra.csproj", "{BA776F39-B473-4E40-9A13-04B500873856}"
EndProject
Project("{FAE04EC0-301F-11D3-BF4B-00C04F79EFBC}") = "Bases", "Numerics\Bases\Bases.csproj", "{D9BAAFA0-B856-475A-9E07-87440202DE65}"
EndProject
Project("{FAE04EC0-301F-11D3-BF4B-00C04F79EFBC}") = "BigNumbers", "Numerics\BigNumbers\BigNumbers.csproj", "{2FD3E4F4-2B8B-457E-938A-6E9C3E972253}"
EndProject
Project("{FAE04EC0-301F-11D3-BF4B-00C04F79EFBC}") = "Geometry", "Numerics\Geometry\Geometry.csproj", "{48FD8E9D-D845-4CA3-907E-6C15D11EBFEC}"
EndProject
Project("{FAE04EC0-301F-11D3-BF4B-00C04F79EFBC}") = "Integers", "Numerics\Integers\Integers.csproj", "{5FBCD711-F3E9-4388-9F03-093B80653133}"
EndProject
Project("{FAE04EC0-301F-11D3-BF4B-00C04F79EFBC}") = "Quantities", "Quantities\Quantities.csproj", "{D3D4D0C5-4395-4108-8BAB-98127E7815FB}"
EndProject
Project("{2150E333-8FDC-42A3-9474-1A3956D46DE8}") = "Astronomy", "Astronomy", "{0B49420D-5C35-46BB-ADE6-03FA2A718FF9}"
EndProject
Project("{FAE04EC0-301F-11D3-BF4B-00C04F79EFBC}") = "Algorithms", "Astronomy\Algorithms\Algorithms.csproj", "{EAB7369E-AED7-4822-8ED9-E2EA91CAF9AB}"
EndProject
Project("{FAE04EC0-301F-11D3-BF4B-00C04F79EFBC}") = "Data", "Astronomy\Data\Data.csproj", "{39FE550D-99F5-49E8-9D5A-55008E99B4DE}"
EndProject
Project("{FAE04EC0-301F-11D3-BF4B-00C04F79EFBC}") = "DataImport", "Astronomy\DataImport\DataImport.csproj", "{61CEB265-B0CD-4C64-96B9-494A41353A56}"
EndProject
Project("{2150E333-8FDC-42A3-9474-1A3956D46DE8}") = "Development", "Development", "{6956515D-50D9-4C96-A584-23DA04D2F733}"
EndProject
Project("{FAE04EC0-301F-11D3-BF4B-00C04F79EFBC}") = "Maui", "Development\Maui\Maui.csproj", "{6F07E140-FC6B-4088-B4FF-2D11474D2207}"
EndProject
Project("{FAE04EC0-301F-11D3-BF4B-00C04F79EFBC}") = "Web", "Development\Web\Web.csproj", "{47E09AC7-D3BB-4EEA-BD3F-4301BBB3F702}"
EndProject
Project("{FAE04EC0-301F-11D3-BF4B-00C04F79EFBC}") = "Extensions", "Numerics\Extensions\Extensions.csproj", "{D478AAC7-F0BF-491C-81F4-2932C82B3DB3}"
EndProject
Project("{FAE04EC0-301F-11D3-BF4B-00C04F79EFBC}") = "UnitTesting", "UnitTesting\UnitTesting.csproj", "{5FC81F2C-4A72-42DA-BD6D-06B7EDB0F26E}"
EndProject
Project("{FAE04EC0-301F-11D3-BF4B-00C04F79EFBC}") = "AstroAPI", "Astronomy\AstroAPI\AstroAPI.csproj", "{A2CD7B76-3133-4344-B6FC-32D2CB54C1A4}"
EndProject
Project("{FAE04EC0-301F-11D3-BF4B-00C04F79EFBC}") = "Calendars", "Astronomy\Calendars\Calendars.csproj", "{946C5328-133E-4ECE-BA4F-D64EDEC507B0}"
EndProject
Project("{FAE04EC0-301F-11D3-BF4B-00C04F79EFBC}") = "SpaceCalendars.com", "Astronomy\SpaceCalendars.com\SpaceCalendars.com.csproj", "{268F45D0-B0BF-476B-9935-B5A77CBE61D1}"
EndProject
Global
	GlobalSection(SolutionConfigurationPlatforms) = preSolution
		Debug|Any CPU = Debug|Any CPU
		Release|Any CPU = Release|Any CPU
	EndGlobalSection
	GlobalSection(ProjectConfigurationPlatforms) = postSolution
		{423B83FA-A787-4794-9C8A-D64A21715530}.Debug|Any CPU.ActiveCfg = Debug|Any CPU
		{423B83FA-A787-4794-9C8A-D64A21715530}.Debug|Any CPU.Build.0 = Debug|Any CPU
		{423B83FA-A787-4794-9C8A-D64A21715530}.Release|Any CPU.ActiveCfg = Release|Any CPU
		{423B83FA-A787-4794-9C8A-D64A21715530}.Release|Any CPU.Build.0 = Release|Any CPU
		{485D48EB-DCEC-4EE1-87DF-A9086FDF1F64}.Debug|Any CPU.ActiveCfg = Debug|Any CPU
		{485D48EB-DCEC-4EE1-87DF-A9086FDF1F64}.Debug|Any CPU.Build.0 = Debug|Any CPU
		{485D48EB-DCEC-4EE1-87DF-A9086FDF1F64}.Release|Any CPU.ActiveCfg = Release|Any CPU
		{485D48EB-DCEC-4EE1-87DF-A9086FDF1F64}.Release|Any CPU.Build.0 = Release|Any CPU
		{0E626344-1EE2-4111-B09B-FF93C270D1B3}.Debug|Any CPU.ActiveCfg = Debug|Any CPU
		{0E626344-1EE2-4111-B09B-FF93C270D1B3}.Debug|Any CPU.Build.0 = Debug|Any CPU
		{0E626344-1EE2-4111-B09B-FF93C270D1B3}.Release|Any CPU.ActiveCfg = Release|Any CPU
		{0E626344-1EE2-4111-B09B-FF93C270D1B3}.Release|Any CPU.Build.0 = Release|Any CPU
		{276E7E80-307B-4B00-A36D-98E8FF7FA217}.Debug|Any CPU.ActiveCfg = Debug|Any CPU
		{276E7E80-307B-4B00-A36D-98E8FF7FA217}.Debug|Any CPU.Build.0 = Debug|Any CPU
		{276E7E80-307B-4B00-A36D-98E8FF7FA217}.Release|Any CPU.ActiveCfg = Release|Any CPU
		{276E7E80-307B-4B00-A36D-98E8FF7FA217}.Release|Any CPU.Build.0 = Release|Any CPU
		{4A5C4D17-D022-4CBA-9DED-3C9FF696DD8A}.Debug|Any CPU.ActiveCfg = Debug|Any CPU
		{4A5C4D17-D022-4CBA-9DED-3C9FF696DD8A}.Debug|Any CPU.Build.0 = Debug|Any CPU
		{4A5C4D17-D022-4CBA-9DED-3C9FF696DD8A}.Release|Any CPU.ActiveCfg = Release|Any CPU
		{4A5C4D17-D022-4CBA-9DED-3C9FF696DD8A}.Release|Any CPU.Build.0 = Release|Any CPU
		{BA776F39-B473-4E40-9A13-04B500873856}.Debug|Any CPU.ActiveCfg = Debug|Any CPU
		{BA776F39-B473-4E40-9A13-04B500873856}.Debug|Any CPU.Build.0 = Debug|Any CPU
		{BA776F39-B473-4E40-9A13-04B500873856}.Release|Any CPU.ActiveCfg = Release|Any CPU
		{BA776F39-B473-4E40-9A13-04B500873856}.Release|Any CPU.Build.0 = Release|Any CPU
		{D9BAAFA0-B856-475A-9E07-87440202DE65}.Debug|Any CPU.ActiveCfg = Debug|Any CPU
		{D9BAAFA0-B856-475A-9E07-87440202DE65}.Debug|Any CPU.Build.0 = Debug|Any CPU
		{D9BAAFA0-B856-475A-9E07-87440202DE65}.Release|Any CPU.ActiveCfg = Release|Any CPU
		{D9BAAFA0-B856-475A-9E07-87440202DE65}.Release|Any CPU.Build.0 = Release|Any CPU
		{2FD3E4F4-2B8B-457E-938A-6E9C3E972253}.Debug|Any CPU.ActiveCfg = Debug|Any CPU
		{2FD3E4F4-2B8B-457E-938A-6E9C3E972253}.Debug|Any CPU.Build.0 = Debug|Any CPU
		{2FD3E4F4-2B8B-457E-938A-6E9C3E972253}.Release|Any CPU.ActiveCfg = Release|Any CPU
		{2FD3E4F4-2B8B-457E-938A-6E9C3E972253}.Release|Any CPU.Build.0 = Release|Any CPU
		{48FD8E9D-D845-4CA3-907E-6C15D11EBFEC}.Debug|Any CPU.ActiveCfg = Debug|Any CPU
		{48FD8E9D-D845-4CA3-907E-6C15D11EBFEC}.Debug|Any CPU.Build.0 = Debug|Any CPU
		{48FD8E9D-D845-4CA3-907E-6C15D11EBFEC}.Release|Any CPU.ActiveCfg = Release|Any CPU
		{48FD8E9D-D845-4CA3-907E-6C15D11EBFEC}.Release|Any CPU.Build.0 = Release|Any CPU
		{5FBCD711-F3E9-4388-9F03-093B80653133}.Debug|Any CPU.ActiveCfg = Debug|Any CPU
		{5FBCD711-F3E9-4388-9F03-093B80653133}.Debug|Any CPU.Build.0 = Debug|Any CPU
		{5FBCD711-F3E9-4388-9F03-093B80653133}.Release|Any CPU.ActiveCfg = Release|Any CPU
		{5FBCD711-F3E9-4388-9F03-093B80653133}.Release|Any CPU.Build.0 = Release|Any CPU
		{D3D4D0C5-4395-4108-8BAB-98127E7815FB}.Debug|Any CPU.ActiveCfg = Debug|Any CPU
		{D3D4D0C5-4395-4108-8BAB-98127E7815FB}.Debug|Any CPU.Build.0 = Debug|Any CPU
		{D3D4D0C5-4395-4108-8BAB-98127E7815FB}.Release|Any CPU.ActiveCfg = Release|Any CPU
		{D3D4D0C5-4395-4108-8BAB-98127E7815FB}.Release|Any CPU.Build.0 = Release|Any CPU
		{EAB7369E-AED7-4822-8ED9-E2EA91CAF9AB}.Debug|Any CPU.ActiveCfg = Debug|Any CPU
		{EAB7369E-AED7-4822-8ED9-E2EA91CAF9AB}.Debug|Any CPU.Build.0 = Debug|Any CPU
		{EAB7369E-AED7-4822-8ED9-E2EA91CAF9AB}.Release|Any CPU.ActiveCfg = Release|Any CPU
		{EAB7369E-AED7-4822-8ED9-E2EA91CAF9AB}.Release|Any CPU.Build.0 = Release|Any CPU
		{39FE550D-99F5-49E8-9D5A-55008E99B4DE}.Debug|Any CPU.ActiveCfg = Debug|Any CPU
		{39FE550D-99F5-49E8-9D5A-55008E99B4DE}.Debug|Any CPU.Build.0 = Debug|Any CPU
		{39FE550D-99F5-49E8-9D5A-55008E99B4DE}.Release|Any CPU.ActiveCfg = Release|Any CPU
		{39FE550D-99F5-49E8-9D5A-55008E99B4DE}.Release|Any CPU.Build.0 = Release|Any CPU
		{61CEB265-B0CD-4C64-96B9-494A41353A56}.Debug|Any CPU.ActiveCfg = Debug|Any CPU
		{61CEB265-B0CD-4C64-96B9-494A41353A56}.Debug|Any CPU.Build.0 = Debug|Any CPU
		{61CEB265-B0CD-4C64-96B9-494A41353A56}.Release|Any CPU.ActiveCfg = Release|Any CPU
		{61CEB265-B0CD-4C64-96B9-494A41353A56}.Release|Any CPU.Build.0 = Release|Any CPU
		{6F07E140-FC6B-4088-B4FF-2D11474D2207}.Debug|Any CPU.ActiveCfg = Debug|Any CPU
		{6F07E140-FC6B-4088-B4FF-2D11474D2207}.Debug|Any CPU.Build.0 = Debug|Any CPU
		{6F07E140-FC6B-4088-B4FF-2D11474D2207}.Release|Any CPU.ActiveCfg = Release|Any CPU
		{6F07E140-FC6B-4088-B4FF-2D11474D2207}.Release|Any CPU.Build.0 = Release|Any CPU
		{47E09AC7-D3BB-4EEA-BD3F-4301BBB3F702}.Debug|Any CPU.ActiveCfg = Debug|Any CPU
		{47E09AC7-D3BB-4EEA-BD3F-4301BBB3F702}.Debug|Any CPU.Build.0 = Debug|Any CPU
		{47E09AC7-D3BB-4EEA-BD3F-4301BBB3F702}.Release|Any CPU.ActiveCfg = Release|Any CPU
		{47E09AC7-D3BB-4EEA-BD3F-4301BBB3F702}.Release|Any CPU.Build.0 = Release|Any CPU
		{D478AAC7-F0BF-491C-81F4-2932C82B3DB3}.Debug|Any CPU.ActiveCfg = Debug|Any CPU
		{D478AAC7-F0BF-491C-81F4-2932C82B3DB3}.Debug|Any CPU.Build.0 = Debug|Any CPU
		{D478AAC7-F0BF-491C-81F4-2932C82B3DB3}.Release|Any CPU.ActiveCfg = Release|Any CPU
		{D478AAC7-F0BF-491C-81F4-2932C82B3DB3}.Release|Any CPU.Build.0 = Release|Any CPU
		{5FC81F2C-4A72-42DA-BD6D-06B7EDB0F26E}.Debug|Any CPU.ActiveCfg = Debug|Any CPU
		{5FC81F2C-4A72-42DA-BD6D-06B7EDB0F26E}.Debug|Any CPU.Build.0 = Debug|Any CPU
		{5FC81F2C-4A72-42DA-BD6D-06B7EDB0F26E}.Release|Any CPU.ActiveCfg = Release|Any CPU
		{5FC81F2C-4A72-42DA-BD6D-06B7EDB0F26E}.Release|Any CPU.Build.0 = Release|Any CPU
		{A2CD7B76-3133-4344-B6FC-32D2CB54C1A4}.Debug|Any CPU.ActiveCfg = Debug|Any CPU
		{A2CD7B76-3133-4344-B6FC-32D2CB54C1A4}.Debug|Any CPU.Build.0 = Debug|Any CPU
		{A2CD7B76-3133-4344-B6FC-32D2CB54C1A4}.Release|Any CPU.ActiveCfg = Release|Any CPU
		{A2CD7B76-3133-4344-B6FC-32D2CB54C1A4}.Release|Any CPU.Build.0 = Release|Any CPU
		{946C5328-133E-4ECE-BA4F-D64EDEC507B0}.Debug|Any CPU.ActiveCfg = Debug|Any CPU
		{946C5328-133E-4ECE-BA4F-D64EDEC507B0}.Debug|Any CPU.Build.0 = Debug|Any CPU
		{946C5328-133E-4ECE-BA4F-D64EDEC507B0}.Release|Any CPU.ActiveCfg = Release|Any CPU
		{946C5328-133E-4ECE-BA4F-D64EDEC507B0}.Release|Any CPU.Build.0 = Release|Any CPU
		{268F45D0-B0BF-476B-9935-B5A77CBE61D1}.Debug|Any CPU.ActiveCfg = Debug|Any CPU
		{268F45D0-B0BF-476B-9935-B5A77CBE61D1}.Debug|Any CPU.Build.0 = Debug|Any CPU
		{268F45D0-B0BF-476B-9935-B5A77CBE61D1}.Release|Any CPU.ActiveCfg = Release|Any CPU
		{268F45D0-B0BF-476B-9935-B5A77CBE61D1}.Release|Any CPU.Build.0 = Release|Any CPU
	EndGlobalSection
	GlobalSection(NestedProjects) = preSolution
		{BA776F39-B473-4E40-9A13-04B500873856} = {8DB57E1E-A265-43B2-B91F-F2EAE8F65AA4}
		{D9BAAFA0-B856-475A-9E07-87440202DE65} = {8DB57E1E-A265-43B2-B91F-F2EAE8F65AA4}
		{2FD3E4F4-2B8B-457E-938A-6E9C3E972253} = {8DB57E1E-A265-43B2-B91F-F2EAE8F65AA4}
		{48FD8E9D-D845-4CA3-907E-6C15D11EBFEC} = {8DB57E1E-A265-43B2-B91F-F2EAE8F65AA4}
		{5FBCD711-F3E9-4388-9F03-093B80653133} = {8DB57E1E-A265-43B2-B91F-F2EAE8F65AA4}
		{EAB7369E-AED7-4822-8ED9-E2EA91CAF9AB} = {0B49420D-5C35-46BB-ADE6-03FA2A718FF9}
		{39FE550D-99F5-49E8-9D5A-55008E99B4DE} = {0B49420D-5C35-46BB-ADE6-03FA2A718FF9}
		{61CEB265-B0CD-4C64-96B9-494A41353A56} = {0B49420D-5C35-46BB-ADE6-03FA2A718FF9}
		{6F07E140-FC6B-4088-B4FF-2D11474D2207} = {6956515D-50D9-4C96-A584-23DA04D2F733}
		{47E09AC7-D3BB-4EEA-BD3F-4301BBB3F702} = {6956515D-50D9-4C96-A584-23DA04D2F733}
		{D478AAC7-F0BF-491C-81F4-2932C82B3DB3} = {8DB57E1E-A265-43B2-B91F-F2EAE8F65AA4}
		{A2CD7B76-3133-4344-B6FC-32D2CB54C1A4} = {0B49420D-5C35-46BB-ADE6-03FA2A718FF9}
		{946C5328-133E-4ECE-BA4F-D64EDEC507B0} = {0B49420D-5C35-46BB-ADE6-03FA2A718FF9}
		{268F45D0-B0BF-476B-9935-B5A77CBE61D1} = {0B49420D-5C35-46BB-ADE6-03FA2A718FF9}
	EndGlobalSection
EndGlobal
